
Microsoft Visual Studio Solution File, Format Version 12.00
# Visual Studio Version 17
VisualStudioVersion = 17.6.33829.357
MinimumVisualStudioVersion = 10.0.40219.1
Project("{9A19103F-16F7-4668-BE54-9A1E7A4F7556}") = "rate-limit-by-user-access-level", "rate-limit-by-user-access-level\rate-limit-by-user-access-level.csproj", "{0E824B97-14F0-4EDA-8F72-9A2A20298AC0}"
EndProject
Project("{E53339B2-1760-4266-BCC7-CA923CBCF16C}") = "docker-compose", "docker-compose.dcproj", "{155B864D-15C0-4636-AA5C-48659DA088AC}"
EndProject
Global
	GlobalSection(SolutionConfigurationPlatforms) = preSolution
		Debug|Any CPU = Debug|Any CPU
		Release|Any CPU = Release|Any CPU
	EndGlobalSection
	GlobalSection(ProjectConfigurationPlatforms) = postSolution
		{0E824B97-14F0-4EDA-8F72-9A2A20298AC0}.Debug|Any CPU.ActiveCfg = Debug|Any CPU
		{0E824B97-14F0-4EDA-8F72-9A2A20298AC0}.Debug|Any CPU.Build.0 = Debug|Any CPU
		{0E824B97-14F0-4EDA-8F72-9A2A20298AC0}.Release|Any CPU.ActiveCfg = Release|Any CPU
		{0E824B97-14F0-4EDA-8F72-9A2A20298AC0}.Release|Any CPU.Build.0 = Release|Any CPU
		{155B864D-15C0-4636-AA5C-48659DA088AC}.Debug|Any CPU.ActiveCfg = Debug|Any CPU
		{155B864D-15C0-4636-AA5C-48659DA088AC}.Debug|Any CPU.Build.0 = Debug|Any CPU
		{155B864D-15C0-4636-AA5C-48659DA088AC}.Release|Any CPU.ActiveCfg = Release|Any CPU
		{155B864D-15C0-4636-AA5C-48659DA088AC}.Release|Any CPU.Build.0 = Release|Any CPU
	EndGlobalSection
	GlobalSection(SolutionProperties) = preSolution
		HideSolutionNode = FALSE
	EndGlobalSection
	GlobalSection(ExtensibilityGlobals) = postSolution
		SolutionGuid = {CA2F6719-A302-4C12-93E6-1FDDDA548859}
	EndGlobalSection
EndGlobal
